
Microsoft Visual Studio Solution File, Format Version 12.00
# Visual Studio Version 16
VisualStudioVersion = 16.0.29102.190
MinimumVisualStudioVersion = 10.0.40219.1
Project("{FAE04EC0-301F-11D3-BF4B-00C04F79EFBC}") = "PortalWebClientes", "PortalWebClientes\PortalWebClientes.csproj", "{B0AAB7CD-BAA7-46BB-94DB-ADD5A522D5C4}"
EndProject
Project("{FAE04EC0-301F-11D3-BF4B-00C04F79EFBC}") = "PortalWebClientes.Tests", "PortalWebClientes.Tests\PortalWebClientes.Tests.csproj", "{B59AE3E0-7351-45B5-83FD-8152A0D34E5C}"
EndProject
Global
	GlobalSection(SolutionConfigurationPlatforms) = preSolution
		Debug|Any CPU = Debug|Any CPU
		Release|Any CPU = Release|Any CPU
	EndGlobalSection
	GlobalSection(ProjectConfigurationPlatforms) = postSolution
		{B0AAB7CD-BAA7-46BB-94DB-ADD5A522D5C4}.Debug|Any CPU.ActiveCfg = Debug|Any CPU
		{B0AAB7CD-BAA7-46BB-94DB-ADD5A522D5C4}.Debug|Any CPU.Build.0 = Debug|Any CPU
		{B0AAB7CD-BAA7-46BB-94DB-ADD5A522D5C4}.Release|Any CPU.ActiveCfg = Release|Any CPU
		{B0AAB7CD-BAA7-46BB-94DB-ADD5A522D5C4}.Release|Any CPU.Build.0 = Release|Any CPU
		{B59AE3E0-7351-45B5-83FD-8152A0D34E5C}.Debug|Any CPU.ActiveCfg = Debug|Any CPU
		{B59AE3E0-7351-45B5-83FD-8152A0D34E5C}.Debug|Any CPU.Build.0 = Debug|Any CPU
		{B59AE3E0-7351-45B5-83FD-8152A0D34E5C}.Release|Any CPU.ActiveCfg = Release|Any CPU
		{B59AE3E0-7351-45B5-83FD-8152A0D34E5C}.Release|Any CPU.Build.0 = Release|Any CPU
	EndGlobalSection
	GlobalSection(SolutionProperties) = preSolution
		HideSolutionNode = FALSE
	EndGlobalSection
	GlobalSection(ExtensibilityGlobals) = postSolution
		SolutionGuid = {9C5835EC-274C-4D5F-BC53-38675F0FE776}
	EndGlobalSection
EndGlobal
